
Microsoft Visual Studio Solution File, Format Version 12.00
# Visual Studio 15
VisualStudioVersion = 15.0.26730.8
MinimumVisualStudioVersion = 10.0.40219.1
Project("{FAE04EC0-301F-11D3-BF4B-00C04F79EFBC}") = "TaskMan", "TaskMan\TaskMan.csproj", "{DAF77A2C-D767-40FF-BEEB-610F7B523D6C}"
EndProject
Project("{2150E333-8FDC-42A3-9474-1A3956D46DE8}") = "Solution Items", "Solution Items", "{92FF9379-D623-49CB-B03F-977BC22225DB}"
	ProjectSection(SolutionItems) = preProject
		README.md = README.md
	EndProjectSection
EndProject
Global
	GlobalSection(SolutionConfigurationPlatforms) = preSolution
		Debug|Any CPU = Debug|Any CPU
		Release|Any CPU = Release|Any CPU
	EndGlobalSection
	GlobalSection(ProjectConfigurationPlatforms) = postSolution
		{DAF77A2C-D767-40FF-BEEB-610F7B523D6C}.Debug|Any CPU.ActiveCfg = Debug|Any CPU
		{DAF77A2C-D767-40FF-BEEB-610F7B523D6C}.Debug|Any CPU.Build.0 = Debug|Any CPU
		{DAF77A2C-D767-40FF-BEEB-610F7B523D6C}.Release|Any CPU.ActiveCfg = Release|Any CPU
		{DAF77A2C-D767-40FF-BEEB-610F7B523D6C}.Release|Any CPU.Build.0 = Release|Any CPU
	EndGlobalSection
	GlobalSection(SolutionProperties) = preSolution
		HideSolutionNode = FALSE
	EndGlobalSection
	GlobalSection(ExtensibilityGlobals) = postSolution
		SolutionGuid = {91782F4D-2117-47BE-B8AD-DC00F7BC11E0}
	EndGlobalSection
EndGlobal
